
Microsoft Visual Studio Solution File, Format Version 12.00
# Visual Studio Version 17
VisualStudioVersion = 17.0.32112.339
MinimumVisualStudioVersion = 10.0.40219.1
Project("{9A19103F-16F7-4668-BE54-9A1E7A4F7556}") = "Joppes djurfamilj", "Joppes djurfamilj\Joppes djurfamilj.csproj", "{05D0A614-3182-4244-B3AE-3B01070F2EE8}"
EndProject
Project("{FAE04EC0-301F-11D3-BF4B-00C04F79EFBC}") = "Grafik för joppesDjur", "Grafik för joppesDjur\Grafik för joppesDjur.csproj", "{3041BA0F-EB43-486D-8ADF-35D5E15E431E}"
EndProject
Global
	GlobalSection(SolutionConfigurationPlatforms) = preSolution
		Debug|Any CPU = Debug|Any CPU
		Release|Any CPU = Release|Any CPU
	EndGlobalSection
	GlobalSection(ProjectConfigurationPlatforms) = postSolution
		{05D0A614-3182-4244-B3AE-3B01070F2EE8}.Debug|Any CPU.ActiveCfg = Debug|Any CPU
		{05D0A614-3182-4244-B3AE-3B01070F2EE8}.Debug|Any CPU.Build.0 = Debug|Any CPU
		{05D0A614-3182-4244-B3AE-3B01070F2EE8}.Release|Any CPU.ActiveCfg = Release|Any CPU
		{05D0A614-3182-4244-B3AE-3B01070F2EE8}.Release|Any CPU.Build.0 = Release|Any CPU
		{3041BA0F-EB43-486D-8ADF-35D5E15E431E}.Debug|Any CPU.ActiveCfg = Debug|Any CPU
		{3041BA0F-EB43-486D-8ADF-35D5E15E431E}.Debug|Any CPU.Build.0 = Debug|Any CPU
		{3041BA0F-EB43-486D-8ADF-35D5E15E431E}.Release|Any CPU.ActiveCfg = Release|Any CPU
		{3041BA0F-EB43-486D-8ADF-35D5E15E431E}.Release|Any CPU.Build.0 = Release|Any CPU
	EndGlobalSection
	GlobalSection(SolutionProperties) = preSolution
		HideSolutionNode = FALSE
	EndGlobalSection
	GlobalSection(ExtensibilityGlobals) = postSolution
		SolutionGuid = {49BE369E-9A96-4FC8-933C-70E95D4A4AFE}
	EndGlobalSection
EndGlobal
